// !$*UTF8*$!
{
	archiveVersion = 1;
	classes = {
	};
	objectVersion = 46;
	objects = {

/* Begin PBXBuildFile section */
		343F9D311B7CC3DB00D3BF52 /* AppDelegate.swift in Sources */ = {isa = PBXBuildFile; fileRef = 343F9D301B7CC3DB00D3BF52 /* AppDelegate.swift */; };
		343F9D341B7CC3DB00D3BF52 /* TaskIt.xcdatamodeld in Sources */ = {isa = PBXBuildFile; fileRef = 343F9D321B7CC3DB00D3BF52 /* TaskIt.xcdatamodeld */; };
		343F9D361B7CC3DB00D3BF52 /* ViewController.swift in Sources */ = {isa = PBXBuildFile; fileRef = 343F9D351B7CC3DB00D3BF52 /* ViewController.swift */; };
		343F9D391B7CC3DB00D3BF52 /* Main.storyboard in Resources */ = {isa = PBXBuildFile; fileRef = 343F9D371B7CC3DB00D3BF52 /* Main.storyboard */; };
		343F9D3B1B7CC3DB00D3BF52 /* Images.xcassets in Resources */ = {isa = PBXBuildFile; fileRef = 343F9D3A1B7CC3DB00D3BF52 /* Images.xcassets */; };
		343F9D3E1B7CC3DB00D3BF52 /* LaunchScreen.xib in Resources */ = {isa = PBXBuildFile; fileRef = 343F9D3C1B7CC3DB00D3BF52 /* LaunchScreen.xib */; };
		343F9D4A1B7CC3DB00D3BF52 /* TaskItTests.swift in Sources */ = {isa = PBXBuildFile; fileRef = 343F9D491B7CC3DB00D3BF52 /* TaskItTests.swift */; };
		343F9D581B7CCE2400D3BF52 /* TaskCell.swift in Sources */ = {isa = PBXBuildFile; fileRef = 343F9D571B7CCE2400D3BF52 /* TaskCell.swift */; };
		343F9D5A1B7CD45900D3BF52 /* TaskDetailViewController.swift in Sources */ = {isa = PBXBuildFile; fileRef = 343F9D591B7CD45900D3BF52 /* TaskDetailViewController.swift */; };
		343F9D5C1B7CD67100D3BF52 /* Date.swift in Sources */ = {isa = PBXBuildFile; fileRef = 343F9D5B1B7CD67100D3BF52 /* Date.swift */; };
		343F9D601B7CE05500D3BF52 /* AddTaskViewController.swift in Sources */ = {isa = PBXBuildFile; fileRef = 343F9D5F1B7CE05500D3BF52 /* AddTaskViewController.swift */; };
		34E1BBA71B7D04A30058AD97 /* TaskModel.swift in Sources */ = {isa = PBXBuildFile; fileRef = 34E1BBA61B7D04A30058AD97 /* TaskModel.swift */; };
/* End PBXBuildFile section */

/* Begin PBXContainerItemProxy section */
		343F9D441B7CC3DB00D3BF52 /* PBXContainerItemProxy */ = {
			isa = PBXContainerItemProxy;
			containerPortal = 343F9D231B7CC3DB00D3BF52 /* Project object */;
			proxyType = 1;
			remoteGlobalIDString = 343F9D2A1B7CC3DB00D3BF52;
			remoteInfo = TaskIt;
		};
/* End PBXContainerItemProxy section */

/* Begin PBXFileReference section */
		343F9D2B1B7CC3DB00D3BF52 /* TaskIt.app */ = {isa = PBXFileReference; explicitFileType = wrapper.application; includeInIndex = 0; path = TaskIt.app; sourceTree = BUILT_PRODUCTS_DIR; };
		343F9D2F1B7CC3DB00D3BF52 /* Info.plist */ = {isa = PBXFileReference; lastKnownFileType = text.plist.xml; path = Info.plist; sourceTree = "<group>"; };
		343F9D301B7CC3DB00D3BF52 /* AppDelegate.swift */ = {isa = PBXFileReference; lastKnownFileType = sourcecode.swift; path = AppDelegate.swift; sourceTree = "<group>"; };
		343F9D331B7CC3DB00D3BF52 /* TaskIt.xcdatamodel */ = {isa = PBXFileReference; lastKnownFileType = wrapper.xcdatamodel; path = TaskIt.xcdatamodel; sourceTree = "<group>"; };
		343F9D351B7CC3DB00D3BF52 /* ViewController.swift */ = {isa = PBXFileReference; lastKnownFileType = sourcecode.swift; path = ViewController.swift; sourceTree = "<group>"; };
		343F9D381B7CC3DB00D3BF52 /* Base */ = {isa = PBXFileReference; lastKnownFileType = file.storyboard; name = Base; path = Base.lproj/Main.storyboard; sourceTree = "<group>"; };
		343F9D3A1B7CC3DB00D3BF52 /* Images.xcassets */ = {isa = PBXFileReference; lastKnownFileType = folder.assetcatalog; path = Images.xcassets; sourceTree = "<group>"; };
		343F9D3D1B7CC3DB00D3BF52 /* Base */ = {isa = PBXFileReference; lastKnownFileType = file.xib; name = Base; path = Base.lproj/LaunchScreen.xib; sourceTree = "<group>"; };
		343F9D431B7CC3DB00D3BF52 /* TaskItTests.xctest */ = {isa = PBXFileReference; explicitFileType = wrapper.cfbundle; includeInIndex = 0; path = TaskItTests.xctest; sourceTree = BUILT_PRODUCTS_DIR; };
		343F9D481B7CC3DB00D3BF52 /* Info.plist */ = {isa = PBXFileReference; lastKnownFileType = text.plist.xml; path = Info.plist; sourceTree = "<group>"; };
		343F9D491B7CC3DB00D3BF52 /* TaskItTests.swift */ = {isa = PBXFileReference; lastKnownFileType = sourcecode.swift; path = TaskItTests.swift; sourceTree = "<group>"; };
		343F9D571B7CCE2400D3BF52 /* TaskCell.swift */ = {isa = PBXFileReference; fileEncoding = 4; lastKnownFileType = sourcecode.swift; path = TaskCell.swift; sourceTree = "<group>"; };
		343F9D591B7CD45900D3BF52 /* TaskDetailViewController.swift */ = {isa = PBXFileReference; fileEncoding = 4; lastKnownFileType = sourcecode.swift; path = TaskDetailViewController.swift; sourceTree = "<group>"; };
		343F9D5B1B7CD67100D3BF52 /* Date.swift */ = {isa = PBXFileReference; fileEncoding = 4; lastKnownFileType = sourcecode.swift; path = Date.swift; sourceTree = "<group>"; };
		343F9D5F1B7CE05500D3BF52 /* AddTaskViewController.swift */ = {isa = PBXFileReference; fileEncoding = 4; lastKnownFileType = sourcecode.swift; path = AddTaskViewController.swift; sourceTree = "<group>"; };
		34E1BBA61B7D04A30058AD97 /* TaskModel.swift */ = {isa = PBXFileReference; fileEncoding = 4; lastKnownFileType = sourcecode.swift; path = TaskModel.swift; sourceTree = "<group>"; };
/* End PBXFileReference section */

/* Begin PBXFrameworksBuildPhase section */
		343F9D281B7CC3DB00D3BF52 /* Frameworks */ = {
			isa = PBXFrameworksBuildPhase;
			buildActionMask = 2147483647;
			files = (
			);
			runOnlyForDeploymentPostprocessing = 0;
		};
		343F9D401B7CC3DB00D3BF52 /* Frameworks */ = {
			isa = PBXFrameworksBuildPhase;
			buildActionMask = 2147483647;
			files = (
			);
			runOnlyForDeploymentPostprocessing = 0;
		};
/* End PBXFrameworksBuildPhase section */

/* Begin PBXGroup section */
		343F9D221B7CC3DB00D3BF52 = {
			isa = PBXGroup;
			children = (
				343F9D2D1B7CC3DB00D3BF52 /* TaskIt */,
				343F9D461B7CC3DB00D3BF52 /* TaskItTests */,
				343F9D2C1B7CC3DB00D3BF52 /* Products */,
			);
			sourceTree = "<group>";
		};
		343F9D2C1B7CC3DB00D3BF52 /* Products */ = {
			isa = PBXGroup;
			children = (
				343F9D2B1B7CC3DB00D3BF52 /* TaskIt.app */,
				343F9D431B7CC3DB00D3BF52 /* TaskItTests.xctest */,
			);
			name = Products;
			sourceTree = "<group>";
		};
		343F9D2D1B7CC3DB00D3BF52 /* TaskIt */ = {
			isa = PBXGroup;
			children = (
				34E1BBA61B7D04A30058AD97 /* TaskModel.swift */,
				343F9D301B7CC3DB00D3BF52 /* AppDelegate.swift */,
				343F9D351B7CC3DB00D3BF52 /* ViewController.swift */,
				343F9D591B7CD45900D3BF52 /* TaskDetailViewController.swift */,
				343F9D5F1B7CE05500D3BF52 /* AddTaskViewController.swift */,
				343F9D571B7CCE2400D3BF52 /* TaskCell.swift */,
				343F9D5B1B7CD67100D3BF52 /* Date.swift */,
				343F9D371B7CC3DB00D3BF52 /* Main.storyboard */,
				343F9D3A1B7CC3DB00D3BF52 /* Images.xcassets */,
				343F9D3C1B7CC3DB00D3BF52 /* LaunchScreen.xib */,
				343F9D321B7CC3DB00D3BF52 /* TaskIt.xcdatamodeld */,
				343F9D2E1B7CC3DB00D3BF52 /* Supporting Files */,
			);
			path = TaskIt;
			sourceTree = "<group>";
		};
		343F9D2E1B7CC3DB00D3BF52 /* Supporting Files */ = {
			isa = PBXGroup;
			children = (
				343F9D2F1B7CC3DB00D3BF52 /* Info.plist */,
			);
			name = "Supporting Files";
			sourceTree = "<group>";
		};
		343F9D461B7CC3DB00D3BF52 /* TaskItTests */ = {
			isa = PBXGroup;
			children = (
				343F9D491B7CC3DB00D3BF52 /* TaskItTests.swift */,
				343F9D471B7CC3DB00D3BF52 /* Supporting Files */,
			);
			path = TaskItTests;
			sourceTree = "<group>";
		};
		343F9D471B7CC3DB00D3BF52 /* Supporting Files */ = {
			isa = PBXGroup;
			children = (
				343F9D481B7CC3DB00D3BF52 /* Info.plist */,
			);
			name = "Supporting Files";
			sourceTree = "<group>";
		};
/* End PBXGroup section */

/* Begin PBXNativeTarget section */
		343F9D2A1B7CC3DB00D3BF52 /* TaskIt */ = {
			isa = PBXNativeTarget;
			buildConfigurationList = 343F9D4D1B7CC3DB00D3BF52 /* Build configuration list for PBXNativeTarget "TaskIt" */;
			buildPhases = (
				343F9D271B7CC3DB00D3BF52 /* Sources */,
				343F9D281B7CC3DB00D3BF52 /* Frameworks */,
				343F9D291B7CC3DB00D3BF52 /* Resources */,
			);
			buildRules = (
			);
			dependencies = (
			);
			name = TaskIt;
			productName = TaskIt;
			productReference = 343F9D2B1B7CC3DB00D3BF52 /* TaskIt.app */;
			productType = "com.apple.product-type.application";
		};
		343F9D421B7CC3DB00D3BF52 /* TaskItTests */ = {
			isa = PBXNativeTarget;
			buildConfigurationList = 343F9D501B7CC3DB00D3BF52 /* Build configuration list for PBXNativeTarget "TaskItTests" */;
			buildPhases = (
				343F9D3F1B7CC3DB00D3BF52 /* Sources */,
				343F9D401B7CC3DB00D3BF52 /* Frameworks */,
				343F9D411B7CC3DB00D3BF52 /* Resources */,
			);
			buildRules = (
			);
			dependencies = (
				343F9D451B7CC3DB00D3BF52 /* PBXTargetDependency */,
			);
			name = TaskItTests;
			productName = TaskItTests;
			productReference = 343F9D431B7CC3DB00D3BF52 /* TaskItTests.xctest */;
			productType = "com.apple.product-type.bundle.unit-test";
		};
/* End PBXNativeTarget section */

/* Begin PBXProject section */
		343F9D231B7CC3DB00D3BF52 /* Project object */ = {
			isa = PBXProject;
			attributes = {
				LastUpgradeCheck = 0640;
				ORGANIZATIONNAME = lapacino;
				TargetAttributes = {
					343F9D2A1B7CC3DB00D3BF52 = {
						CreatedOnToolsVersion = 6.4;
					};
					343F9D421B7CC3DB00D3BF52 = {
						CreatedOnToolsVersion = 6.4;
						TestTargetID = 343F9D2A1B7CC3DB00D3BF52;
					};
				};
			};
			buildConfigurationList = 343F9D261B7CC3DB00D3BF52 /* Build configuration list for PBXProject "TaskIt" */;
			compatibilityVersion = "Xcode 3.2";
			developmentRegion = English;
			hasScannedForEncodings = 0;
			knownRegions = (
				en,
				Base,
			);
			mainGroup = 343F9D221B7CC3DB00D3BF52;
			productRefGroup = 343F9D2C1B7CC3DB00D3BF52 /* Products */;
			projectDirPath = "";
			projectRoot = "";
			targets = (
				343F9D2A1B7CC3DB00D3BF52 /* TaskIt */,
				343F9D421B7CC3DB00D3BF52 /* TaskItTests */,
			);
		};
/* End PBXProject section */

/* Begin PBXResourcesBuildPhase section */
		343F9D291B7CC3DB00D3BF52 /* Resources */ = {
			isa = PBXResourcesBuildPhase;
			buildActionMask = 2147483647;
			files = (
				343F9D391B7CC3DB00D3BF52 /* Main.storyboard in Resources */,
				343F9D3E1B7CC3DB00D3BF52 /* LaunchScreen.xib in Resources */,
				343F9D3B1B7CC3DB00D3BF52 /* Images.xcassets in Resources */,
			);
			runOnlyForDeploymentPostprocessing = 0;
		};
		343F9D411B7CC3DB00D3BF52 /* Resources */ = {
			isa = PBXResourcesBuildPhase;
			buildActionMask = 2147483647;
			files = (
			);
			runOnlyForDeploymentPostprocessing = 0;
		};
/* End PBXResourcesBuildPhase section */

/* Begin PBXSourcesBuildPhase section */
		343F9D271B7CC3DB00D3BF52 /* Sources */ = {
			isa = PBXSourcesBuildPhase;
			buildActionMask = 2147483647;
			files = (
				343F9D5A1B7CD45900D3BF52 /* TaskDetailViewController.swift in Sources */,
				343F9D601B7CE05500D3BF52 /* AddTaskViewController.swift in Sources */,
				343F9D361B7CC3DB00D3BF52 /* ViewController.swift in Sources */,
				343F9D5C1B7CD67100D3BF52 /* Date.swift in Sources */,
				343F9D311B7CC3DB00D3BF52 /* AppDelegate.swift in Sources */,
				343F9D341B7CC3DB00D3BF52 /* TaskIt.xcdatamodeld in Sources */,
				34E1BBA71B7D04A30058AD97 /* TaskModel.swift in Sources */,
				343F9D581B7CCE2400D3BF52 /* TaskCell.swift in Sources */,
			);
			runOnlyForDeploymentPostprocessing = 0;
		};
		343F9D3F1B7CC3DB00D3BF52 /* Sources */ = {
			isa = PBXSourcesBuildPhase;
			buildActionMask = 2147483647;
			files = (
				343F9D4A1B7CC3DB00D3BF52 /* TaskItTests.swift in Sources */,
			);
			runOnlyForDeploymentPostprocessing = 0;
		};
/* End PBXSourcesBuildPhase section */

/* Begin PBXTargetDependency section */
		343F9D451B7CC3DB00D3BF52 /* PBXTargetDependency */ = {
			isa = PBXTargetDependency;
			target = 343F9D2A1B7CC3DB00D3BF52 /* TaskIt */;
			targetProxy = 343F9D441B7CC3DB00D3BF52 /* PBXContainerItemProxy */;
		};
/* End PBXTargetDependency section */

/* Begin PBXVariantGroup section */
		343F9D371B7CC3DB00D3BF52 /* Main.storyboard */ = {
			isa = PBXVariantGroup;
			children = (
				343F9D381B7CC3DB00D3BF52 /* Base */,
			);
			name = Main.storyboard;
			sourceTree = "<group>";
		};
		343F9D3C1B7CC3DB00D3BF52 /* LaunchScreen.xib */ = {
			isa = PBXVariantGroup;
			children = (
				343F9D3D1B7CC3DB00D3BF52 /* Base */,
			);
			name = LaunchScreen.xib;
			sourceTree = "<group>";
		};
/* End PBXVariantGroup section */

/* Begin XCBuildConfiguration section */
		343F9D4B1B7CC3DB00D3BF52 /* Debug */ = {
			isa = XCBuildConfiguration;
			buildSettings = {
				ALWAYS_SEARCH_USER_PATHS = NO;
				CLANG_CXX_LANGUAGE_STANDARD = "gnu++0x";
				CLANG_CXX_LIBRARY = "libc++";
				CLANG_ENABLE_MODULES = YES;
				CLANG_ENABLE_OBJC_ARC = YES;
				CLANG_WARN_BOOL_CONVERSION = YES;
				CLANG_WARN_CONSTANT_CONVERSION = YES;
				CLANG_WARN_DIRECT_OBJC_ISA_USAGE = YES_ERROR;
				CLANG_WARN_EMPTY_BODY = YES;
				CLANG_WARN_ENUM_CONVERSION = YES;
				CLANG_WARN_INT_CONVERSION = YES;
				CLANG_WARN_OBJC_ROOT_CLASS = YES_ERROR;
				CLANG_WARN_UNREACHABLE_CODE = YES;
				CLANG_WARN__DUPLICATE_METHOD_MATCH = YES;
				"CODE_SIGN_IDENTITY[sdk=iphoneos*]" = "iPhone Developer";
				COPY_PHASE_STRIP = NO;
				DEBUG_INFORMATION_FORMAT = "dwarf-with-dsym";
				ENABLE_STRICT_OBJC_MSGSEND = YES;
				GCC_C_LANGUAGE_STANDARD = gnu99;
				GCC_DYNAMIC_NO_PIC = NO;
				GCC_NO_COMMON_BLOCKS = YES;
				GCC_OPTIMIZATION_LEVEL = 0;
				GCC_PREPROCESSOR_DEFINITIONS = (
					"DEBUG=1",
					"$(inherited)",
				);
				GCC_SYMBOLS_PRIVATE_EXTERN = NO;
				GCC_WARN_64_TO_32_BIT_CONVERSION = YES;
				GCC_WARN_ABOUT_RETURN_TYPE = YES_ERROR;
				GCC_WARN_UNDECLARED_SELECTOR = YES;
				GCC_WARN_UNINITIALIZED_AUTOS = YES_AGGRESSIVE;
				GCC_WARN_UNUSED_FUNCTION = YES;
				GCC_WARN_UNUSED_VARIABLE = YES;
				IPHONEOS_DEPLOYMENT_TARGET = 8.4;
				MTL_ENABLE_DEBUG_INFO = YES;
				ONLY_ACTIVE_ARCH = YES;
				SDKROOT = iphoneos;
				SWIFT_OPTIMIZATION_LEVEL = "-Onone";
				TARGETED_DEVICE_FAMILY = "1,2";
			};
			name = Debug;
		};
		343F9D4C1B7CC3DB00D3BF52 /* Release */ = {
			isa = XCBuildConfiguration;
			buildSettings = {
				ALWAYS_SEARCH_USER_PATHS = NO;
				CLANG_CXX_LANGUAGE_STANDARD = "gnu++0x";
				CLANG_CXX_LIBRARY = "libc++";
				CLANG_ENABLE_MODULES = YES;
				CLANG_ENABLE_OBJC_ARC = YES;
				CLANG_WARN_BOOL_CONVERSION = YES;
				CLANG_WARN_CONSTANT_CONVERSION = YES;
				CLANG_WARN_DIRECT_OBJC_ISA_USAGE = YES_ERROR;
				CLANG_WARN_EMPTY_BODY = YES;
				CLANG_WARN_ENUM_CONVERSION = YES;
				CLANG_WARN_INT_CONVERSION = YES;
				CLANG_WARN_OBJC_ROOT_CLASS = YES_ERROR;
				CLANG_WARN_UNREACHABLE_CODE = YES;
				CLANG_WARN__DUPLICATE_METHOD_MATCH = YES;
				"CODE_SIGN_IDENTITY[sdk=iphoneos*]" = "iPhone Developer";
				COPY_PHASE_STRIP = NO;
				DEBUG_INFORMATION_FORMAT = "dwarf-with-dsym";
				ENABLE_NS_ASSERTIONS = NO;
				ENABLE_STRICT_OBJC_MSGSEND = YES;
				GCC_C_LANGUAGE_STANDARD = gnu99;
				GCC_NO_COMMON_BLOCKS = YES;
				GCC_WARN_64_TO_32_BIT_CONVERSION = YES;
				GCC_WARN_ABOUT_RETURN_TYPE = YES_ERROR;
				GCC_WARN_UNDECLARED_SELECTOR = YES;
				GCC_WARN_UNINITIALIZED_AUTOS = YES_AGGRESSIVE;
				GCC_WARN_UNUSED_FUNCTION = YES;
				GCC_WARN_UNUSED_VARIABLE = YES;
				IPHONEOS_DEPLOYMENT_TARGET = 8.4;
				MTL_ENABLE_DEBUG_INFO = NO;
				SDKROOT = iphoneos;
				TARGETED_DEVICE_FAMILY = "1,2";
				VALIDATE_PRODUCT = YES;
			};
			name = Release;
		};
		343F9D4E1B7CC3DB00D3BF52 /* Debug */ = {
			isa = XCBuildConfiguration;
			buildSettings = {
				ASSETCATALOG_COMPILER_APPICON_NAME = AppIcon;
				INFOPLIST_FILE = TaskIt/Info.plist;
				LD_RUNPATH_SEARCH_PATHS = "$(inherited) @executable_path/Frameworks";
				PRODUCT_NAME = "$(TARGET_NAME)";
			};
			name = Debug;
		};
		343F9D4F1B7CC3DB00D3BF52 /* Release */ = {
			isa = XCBuildConfiguration;
			buildSettings = {
				ASSETCATALOG_COMPILER_APPICON_NAME = AppIcon;
				INFOPLIST_FILE = TaskIt/Info.plist;
				LD_RUNPATH_SEARCH_PATHS = "$(inherited) @executable_path/Frameworks";
				PRODUCT_NAME = "$(TARGET_NAME)";
			};
			name = Release;
		};
		343F9D511B7CC3DB00D3BF52 /* Debug */ = {
			isa = XCBuildConfiguration;
			buildSettings = {
				BUNDLE_LOADER = "$(TEST_HOST)";
				FRAMEWORK_SEARCH_PATHS = (
					"$(SDKROOT)/Developer/Library/Frameworks",
					"$(inherited)",
				);
				GCC_PREPROCESSOR_DEFINITIONS = (
					"DEBUG=1",
					"$(inherited)",
				);
				INFOPLIST_FILE = TaskItTests/Info.plist;
				LD_RUNPATH_SEARCH_PATHS = "$(inherited) @executable_path/Frameworks @loader_path/Frameworks";
				PRODUCT_NAME = "$(TARGET_NAME)";
				TEST_HOST = "$(BUILT_PRODUCTS_DIR)/TaskIt.app/TaskIt";
			};
			name = Debug;
		};
		343F9D521B7CC3DB00D3BF52 /* Release */ = {
			isa = XCBuildConfiguration;
			buildSettings = {
				BUNDLE_LOADER = "$(TEST_HOST)";
				FRAMEWORK_SEARCH_PATHS = (
					"$(SDKROOT)/Developer/Library/Frameworks",
					"$(inherited)",
				);
				INFOPLIST_FILE = TaskItTests/Info.plist;
				LD_RUNPATH_SEARCH_PATHS = "$(inherited) @executable_path/Frameworks @loader_path/Frameworks";
				PRODUCT_NAME = "$(TARGET_NAME)";
				TEST_HOST = "$(BUILT_PRODUCTS_DIR)/TaskIt.app/TaskIt";
			};
			name = Release;
		};
/* End XCBuildConfiguration section */

/* Begin XCConfigurationList section */
		343F9D261B7CC3DB00D3BF52 /* Build configuration list for PBXProject "TaskIt" */ = {
			isa = XCConfigurationList;
			buildConfigurations = (
				343F9D4B1B7CC3DB00D3BF52 /* Debug */,
				343F9D4C1B7CC3DB00D3BF52 /* Release */,
			);
			defaultConfigurationIsVisible = 0;
			defaultConfigurationName = Release;
		};
		343F9D4D1B7CC3DB00D3BF52 /* Build configuration list for PBXNativeTarget "TaskIt" */ = {
			isa = XCConfigurationList;
			buildConfigurations = (
				343F9D4E1B7CC3DB00D3BF52 /* Debug */,
				343F9D4F1B7CC3DB00D3BF52 /* Release */,
			);
			defaultConfigurationIsVisible = 0;
			defaultConfigurationName = Release;
		};
		343F9D501B7CC3DB00D3BF52 /* Build configuration list for PBXNativeTarget "TaskItTests" */ = {
			isa = XCConfigurationList;
			buildConfigurations = (
				343F9D511B7CC3DB00D3BF52 /* Debug */,
				343F9D521B7CC3DB00D3BF52 /* Release */,
			);
			defaultConfigurationIsVisible = 0;
			defaultConfigurationName = Release;
		};
/* End XCConfigurationList section */

/* Begin XCVersionGroup section */
		343F9D321B7CC3DB00D3BF52 /* TaskIt.xcdatamodeld */ = {
			isa = XCVersionGroup;
			children = (
				343F9D331B7CC3DB00D3BF52 /* TaskIt.xcdatamodel */,
			);
			currentVersion = 343F9D331B7CC3DB00D3BF52 /* TaskIt.xcdatamodel */;
			path = TaskIt.xcdatamodeld;
			sourceTree = "<group>";
			versionGroupType = wrapper.xcdatamodel;
		};
/* End XCVersionGroup section */
	};
	rootObject = 343F9D231B7CC3DB00D3BF52 /* Project object */;
}
